<?xml version="1.0" encoding="utf-8"?>
<Project ToolsVersion="4.0" xmlns="http://schemas.microsoft.com/developer/msbuild/2003">
  <ItemGroup>
    <Filter Include="Source Files">
      <UniqueIdentifier>{0719f94f-165b-4cbb-917a-99d63ad42200}</UniqueIdentifier>
    </Filter>
    <Filter Include="Generated Files">
      <UniqueIdentifier>{fff33927-6f7d-4965-b359-901a308d3288}</UniqueIdentifier>
      <SourceControlFiles>False</SourceControlFiles>
    </Filter>
  </ItemGroup>
  <ItemGroup>
    <None Include="VirtualTrackballScrollwheelServiceps.def" />
  </ItemGroup>
  <ItemGroup>
    <ClCompile Include="VirtualTrackballScrollwheelService_i.c">
      <Filter>Generated Files</Filter>
    </ClCompile>
    <ClCompile Include="VirtualTrackballScrollwheelService_p.c">
      <Filter>Generated Files</Filter>
    </ClCompile>
    <ClCompile Include="dlldata.c">
      <Filter>Generated Files</Filter>
    </ClCompile>
  </ItemGroup>
</Project>